
Microsoft Visual Studio Solution File, Format Version 12.00
# Visual Studio 15
VisualStudioVersion = 15.0.28010.2016
MinimumVisualStudioVersion = 10.0.40219.1
Project("{6EC3EE1D-3C4E-46DD-8F32-0CC8E7565705}") = "median", "median.fsproj", "{E28D8CF1-EA46-4C48-B55B-3AB83143762B}"
EndProject
Global
	GlobalSection(SolutionConfigurationPlatforms) = preSolution
		Debug|Any CPU = Debug|Any CPU
		Release|Any CPU = Release|Any CPU
	EndGlobalSection
	GlobalSection(ProjectConfigurationPlatforms) = postSolution
		{E28D8CF1-EA46-4C48-B55B-3AB83143762B}.Debug|Any CPU.ActiveCfg = Debug|Any CPU
		{E28D8CF1-EA46-4C48-B55B-3AB83143762B}.Debug|Any CPU.Build.0 = Debug|Any CPU
		{E28D8CF1-EA46-4C48-B55B-3AB83143762B}.Release|Any CPU.ActiveCfg = Release|Any CPU
		{E28D8CF1-EA46-4C48-B55B-3AB83143762B}.Release|Any CPU.Build.0 = Release|Any CPU
	EndGlobalSection
	GlobalSection(SolutionProperties) = preSolution
		HideSolutionNode = FALSE
	EndGlobalSection
	GlobalSection(ExtensibilityGlobals) = postSolution
		SolutionGuid = {2CB8031D-5E1E-4817-9E83-4889F4084568}
	EndGlobalSection
EndGlobal
